
Microsoft Visual Studio Solution File, Format Version 12.00
# Visual Studio Version 17
VisualStudioVersion = 17.0.31903.59
MinimumVisualStudioVersion = 10.0.40219.1
Project("{9A19103F-16F7-4668-BE54-9A1E7A4F7556}") = "Parsers", "src\Parsers\Parsers.csproj", "{B8E7B03E-CBC6-47AD-919E-A8F858D0C35E}"
EndProject
Project("{9A19103F-16F7-4668-BE54-9A1E7A4F7556}") = "Readers", "src\Readers\Readers.csproj", "{566684BC-7243-47EA-A367-B3F2EBB35213}"
EndProject
Project("{9A19103F-16F7-4668-BE54-9A1E7A4F7556}") = "Parsers.Tests", "tests\Parsers.Tests\Parsers.Tests.csproj", "{3283F68E-FE59-4FD7-A251-45E0C1B2F3CE}"
EndProject
Project("{9A19103F-16F7-4668-BE54-9A1E7A4F7556}") = "Readers.Tests", "tests\Readers.Tests\Readers.Tests.csproj", "{A91289D9-5D6E-4BB3-B166-2E0FD55218BB}"
EndProject
Project("{9A19103F-16F7-4668-BE54-9A1E7A4F7556}") = "Parsers.Demo", "examples\Parsers.Demo\Parsers.Demo.csproj", "{D9954062-6821-456C-9846-F38B71732DE6}"
EndProject
Project("{9A19103F-16F7-4668-BE54-9A1E7A4F7556}") = "Readers.Demo", "examples\Readers.Demo\Readers.Demo.csproj", "{DFB77F7B-BA4D-49FD-8165-9A5E72A8D742}"
EndProject
Project("{2150E333-8FDC-42A3-9474-1A3956D46DE8}") = "Assets", "Assets", "{721B0FD1-FE24-43D4-ABF4-C2AD6A463F5D}"
	ProjectSection(SolutionItems) = preProject
		LICENSE = LICENSE
		README.md = README.md
	EndProjectSection
EndProject
Project("{9A19103F-16F7-4668-BE54-9A1E7A4F7556}") = "Sdk", "src\Sdk\Sdk.csproj", "{2329C978-6F7B-4131-87A4-4DAC6DA36959}"
EndProject
Project("{FAE04EC0-301F-11D3-BF4B-00C04F79EFBC}") = "Readers.SimpleDemo", "examples\Readers.SimpleDemo\Readers.SimpleDemo.csproj", "{BDAF4BFC-6448-4E44-A7B6-201F0077F6B2}"
EndProject
Project("{FAE04EC0-301F-11D3-BF4B-00C04F79EFBC}") = "Readers.ScannerDemo", "examples\Readers.ScannerDemo\Readers.ScannerDemo.csproj", "{C8DC93E8-E555-4FCD-88ED-5CC992AE68EF}"
EndProject
Global
	GlobalSection(SolutionConfigurationPlatforms) = preSolution
		Debug|Any CPU = Debug|Any CPU
		Release|Any CPU = Release|Any CPU
	EndGlobalSection
	GlobalSection(ProjectConfigurationPlatforms) = postSolution
		{B8E7B03E-CBC6-47AD-919E-A8F858D0C35E}.Debug|Any CPU.ActiveCfg = Debug|Any CPU
		{B8E7B03E-CBC6-47AD-919E-A8F858D0C35E}.Debug|Any CPU.Build.0 = Debug|Any CPU
		{B8E7B03E-CBC6-47AD-919E-A8F858D0C35E}.Release|Any CPU.ActiveCfg = Release|Any CPU
		{B8E7B03E-CBC6-47AD-919E-A8F858D0C35E}.Release|Any CPU.Build.0 = Release|Any CPU
		{566684BC-7243-47EA-A367-B3F2EBB35213}.Debug|Any CPU.ActiveCfg = Debug|Any CPU
		{566684BC-7243-47EA-A367-B3F2EBB35213}.Debug|Any CPU.Build.0 = Debug|Any CPU
		{566684BC-7243-47EA-A367-B3F2EBB35213}.Release|Any CPU.ActiveCfg = Release|Any CPU
		{566684BC-7243-47EA-A367-B3F2EBB35213}.Release|Any CPU.Build.0 = Release|Any CPU
		{3283F68E-FE59-4FD7-A251-45E0C1B2F3CE}.Debug|Any CPU.ActiveCfg = Debug|Any CPU
		{3283F68E-FE59-4FD7-A251-45E0C1B2F3CE}.Debug|Any CPU.Build.0 = Debug|Any CPU
		{3283F68E-FE59-4FD7-A251-45E0C1B2F3CE}.Release|Any CPU.ActiveCfg = Release|Any CPU
		{3283F68E-FE59-4FD7-A251-45E0C1B2F3CE}.Release|Any CPU.Build.0 = Release|Any CPU
		{A91289D9-5D6E-4BB3-B166-2E0FD55218BB}.Debug|Any CPU.ActiveCfg = Debug|Any CPU
		{A91289D9-5D6E-4BB3-B166-2E0FD55218BB}.Debug|Any CPU.Build.0 = Debug|Any CPU
		{A91289D9-5D6E-4BB3-B166-2E0FD55218BB}.Release|Any CPU.ActiveCfg = Release|Any CPU
		{A91289D9-5D6E-4BB3-B166-2E0FD55218BB}.Release|Any CPU.Build.0 = Release|Any CPU
		{D9954062-6821-456C-9846-F38B71732DE6}.Debug|Any CPU.ActiveCfg = Debug|Any CPU
		{D9954062-6821-456C-9846-F38B71732DE6}.Debug|Any CPU.Build.0 = Debug|Any CPU
		{D9954062-6821-456C-9846-F38B71732DE6}.Release|Any CPU.ActiveCfg = Release|Any CPU
		{D9954062-6821-456C-9846-F38B71732DE6}.Release|Any CPU.Build.0 = Release|Any CPU
		{DFB77F7B-BA4D-49FD-8165-9A5E72A8D742}.Debug|Any CPU.ActiveCfg = Debug|Any CPU
		{DFB77F7B-BA4D-49FD-8165-9A5E72A8D742}.Debug|Any CPU.Build.0 = Debug|Any CPU
		{DFB77F7B-BA4D-49FD-8165-9A5E72A8D742}.Release|Any CPU.ActiveCfg = Release|Any CPU
		{DFB77F7B-BA4D-49FD-8165-9A5E72A8D742}.Release|Any CPU.Build.0 = Release|Any CPU
		{2329C978-6F7B-4131-87A4-4DAC6DA36959}.Debug|Any CPU.ActiveCfg = Debug|Any CPU
		{2329C978-6F7B-4131-87A4-4DAC6DA36959}.Debug|Any CPU.Build.0 = Debug|Any CPU
		{2329C978-6F7B-4131-87A4-4DAC6DA36959}.Release|Any CPU.ActiveCfg = Release|Any CPU
		{2329C978-6F7B-4131-87A4-4DAC6DA36959}.Release|Any CPU.Build.0 = Release|Any CPU
		{BDAF4BFC-6448-4E44-A7B6-201F0077F6B2}.Debug|Any CPU.ActiveCfg = Debug|Any CPU
		{BDAF4BFC-6448-4E44-A7B6-201F0077F6B2}.Debug|Any CPU.Build.0 = Debug|Any CPU
		{BDAF4BFC-6448-4E44-A7B6-201F0077F6B2}.Release|Any CPU.ActiveCfg = Release|Any CPU
		{BDAF4BFC-6448-4E44-A7B6-201F0077F6B2}.Release|Any CPU.Build.0 = Release|Any CPU
		{C8DC93E8-E555-4FCD-88ED-5CC992AE68EF}.Debug|Any CPU.ActiveCfg = Debug|Any CPU
		{C8DC93E8-E555-4FCD-88ED-5CC992AE68EF}.Debug|Any CPU.Build.0 = Debug|Any CPU
		{C8DC93E8-E555-4FCD-88ED-5CC992AE68EF}.Release|Any CPU.ActiveCfg = Release|Any CPU
		{C8DC93E8-E555-4FCD-88ED-5CC992AE68EF}.Release|Any CPU.Build.0 = Release|Any CPU
	EndGlobalSection
	GlobalSection(SolutionProperties) = preSolution
		HideSolutionNode = FALSE
	EndGlobalSection
	GlobalSection(ExtensibilityGlobals) = postSolution
		SolutionGuid = {081E06F4-BB82-4627-96DA-3364435E09A0}
	EndGlobalSection
EndGlobal
